
Microsoft Visual Studio Solution File, Format Version 12.00
# Visual Studio 15
VisualStudioVersion = 15.0.28307.1022
MinimumVisualStudioVersion = 10.0.40219.1
Project("{FAE04EC0-301F-11D3-BF4B-00C04F79EFBC}") = "DataModel", "DataModel\DataModel.csproj", "{F6D25D9A-BEDF-4077-9B22-403415A3F84B}"
EndProject
Project("{FAE04EC0-301F-11D3-BF4B-00C04F79EFBC}") = "PruebaJohan", "PruebaJohan\PruebaJohan.csproj", "{972CB4C5-E2BF-4C80-9CA5-8AAF22F30FE8}"
EndProject
Project("{FAE04EC0-301F-11D3-BF4B-00C04F79EFBC}") = "DataManager", "DataManager\DataManager.csproj", "{EDD1B540-1FB9-49FF-97AA-4CFB94C02101}"
EndProject
Global
	GlobalSection(SolutionConfigurationPlatforms) = preSolution
		Debug|Any CPU = Debug|Any CPU
		Release|Any CPU = Release|Any CPU
	EndGlobalSection
	GlobalSection(ProjectConfigurationPlatforms) = postSolution
		{F6D25D9A-BEDF-4077-9B22-403415A3F84B}.Debug|Any CPU.ActiveCfg = Debug|Any CPU
		{F6D25D9A-BEDF-4077-9B22-403415A3F84B}.Debug|Any CPU.Build.0 = Debug|Any CPU
		{F6D25D9A-BEDF-4077-9B22-403415A3F84B}.Release|Any CPU.ActiveCfg = Release|Any CPU
		{F6D25D9A-BEDF-4077-9B22-403415A3F84B}.Release|Any CPU.Build.0 = Release|Any CPU
		{972CB4C5-E2BF-4C80-9CA5-8AAF22F30FE8}.Debug|Any CPU.ActiveCfg = Debug|Any CPU
		{972CB4C5-E2BF-4C80-9CA5-8AAF22F30FE8}.Debug|Any CPU.Build.0 = Debug|Any CPU
		{972CB4C5-E2BF-4C80-9CA5-8AAF22F30FE8}.Release|Any CPU.ActiveCfg = Release|Any CPU
		{972CB4C5-E2BF-4C80-9CA5-8AAF22F30FE8}.Release|Any CPU.Build.0 = Release|Any CPU
		{EDD1B540-1FB9-49FF-97AA-4CFB94C02101}.Debug|Any CPU.ActiveCfg = Debug|Any CPU
		{EDD1B540-1FB9-49FF-97AA-4CFB94C02101}.Debug|Any CPU.Build.0 = Debug|Any CPU
		{EDD1B540-1FB9-49FF-97AA-4CFB94C02101}.Release|Any CPU.ActiveCfg = Release|Any CPU
		{EDD1B540-1FB9-49FF-97AA-4CFB94C02101}.Release|Any CPU.Build.0 = Release|Any CPU
	EndGlobalSection
	GlobalSection(SolutionProperties) = preSolution
		HideSolutionNode = FALSE
	EndGlobalSection
	GlobalSection(ExtensibilityGlobals) = postSolution
		SolutionGuid = {F9A3F288-27CC-40AD-ADBA-13AC286EB636}
	EndGlobalSection
EndGlobal
